Microsoft Visual Studio Solution File, Format Version 11.00
# Visual Studio 2008

Project("{8A61E144-FE68-169E-0919-1D0EFB510130}") = "ARPG Dark secret", "Assembly-CSharp.csproj", "{02D60B4A-1D63-551A-6252-AA6C433DA28F}"
EndProject
Global
	GlobalSection(SolutionConfigurationPlatforms) = preSolution
		Debug|Any CPU = Debug|Any CPU
		Release|Any CPU = Release|Any CPU
	EndGlobalSection
	GlobalSection(ProjectConfigurationPlatforms) = postSolution
		{02D60B4A-1D63-551A-6252-AA6C433DA28F}.Debug|Any CPU.ActiveCfg = Debug|Any CPU
		{02D60B4A-1D63-551A-6252-AA6C433DA28F}.Debug|Any CPU.Build.0 = Debug|Any CPU
		{02D60B4A-1D63-551A-6252-AA6C433DA28F}.Release|Any CPU.ActiveCfg = Release|Any CPU
		{02D60B4A-1D63-551A-6252-AA6C433DA28F}.Release|Any CPU.Build.0 = Release|Any CPU
	EndGlobalSection
	GlobalSection(SolutionProperties) = preSolution
		HideSolutionNode = FALSE
	EndGlobalSection
	GlobalSection(MonoDevelopProperties) = preSolution
		StartupItem = Assembly-CSharp.csproj
	EndGlobalSection
EndGlobal
